<Solution>
  <Configurations>
    <BuildType Name="Debug" />
    <BuildType Name="LoggerExtensionsGeneratorDebug" />
    <BuildType Name="Release" />
  </Configurations>
  <Folder Name="/Solution Items/">
    <File Path=".dockerignore" />
    <File Path=".editorconfig" />
    <File Path=".gitattributes" />
    <File Path=".gitignore" />
    <File Path="docker-build.ps1" />
    <File Path="LICENSE" />
    <File Path="README.md" />
  </Folder>
  <Project Path="DockerDebug.dcproj">
    <Build Solution="Debug|*" />
    <Build Solution="LoggerExtensionsGeneratorDebug|*" />
  </Project>
  <Project Path="MqttSql/MqttSql.csproj" />
  <Project Path="SourceGenerators/SourceGenerators.csproj" />
  <Project Path="Tests/Tests.csproj">
    <BuildDependency Project="MqttSql/MqttSql.csproj" />
  </Project>
</Solution>
