
Microsoft Visual Studio Solution File, Format Version 12.00
# Visual Studio Version 16
VisualStudioVersion = 16.0.31911.196
MinimumVisualStudioVersion = 10.0.40219.1
Project("{9A19103F-16F7-4668-BE54-9A1E7A4F7556}") = "MqttSql", "MqttSql.csproj", "{ACA89A91-30C7-4BD5-AC70-E91BB5FCDEA3}"
EndProject
Project("{FAE04EC0-301F-11D3-BF4B-00C04F79EFBC}") = "Extractor", "Extractor\Extractor.csproj", "{A39C24F0-D348-4335-AB43-2BE7F86AA76A}"
EndProject
Global
	GlobalSection(SolutionConfigurationPlatforms) = preSolution
		Debug|Any CPU = Debug|Any CPU
		Debug|x64 = Debug|x64
		Release|Any CPU = Release|Any CPU
		Release|x64 = Release|x64
	EndGlobalSection
	GlobalSection(ProjectConfigurationPlatforms) = postSolution
		{ACA89A91-30C7-4BD5-AC70-E91BB5FCDEA3}.Debug|Any CPU.ActiveCfg = Debug|Any CPU
		{ACA89A91-30C7-4BD5-AC70-E91BB5FCDEA3}.Debug|Any CPU.Build.0 = Debug|Any CPU
		{ACA89A91-30C7-4BD5-AC70-E91BB5FCDEA3}.Debug|x64.ActiveCfg = Debug|x64
		{ACA89A91-30C7-4BD5-AC70-E91BB5FCDEA3}.Debug|x64.Build.0 = Debug|x64
		{ACA89A91-30C7-4BD5-AC70-E91BB5FCDEA3}.Release|Any CPU.ActiveCfg = Release|Any CPU
		{ACA89A91-30C7-4BD5-AC70-E91BB5FCDEA3}.Release|Any CPU.Build.0 = Release|Any CPU
		{ACA89A91-30C7-4BD5-AC70-E91BB5FCDEA3}.Release|x64.ActiveCfg = Release|x64
		{ACA89A91-30C7-4BD5-AC70-E91BB5FCDEA3}.Release|x64.Build.0 = Release|x64
		{A39C24F0-D348-4335-AB43-2BE7F86AA76A}.Debug|Any CPU.ActiveCfg = Debug|Any CPU
		{A39C24F0-D348-4335-AB43-2BE7F86AA76A}.Debug|Any CPU.Build.0 = Debug|Any CPU
		{A39C24F0-D348-4335-AB43-2BE7F86AA76A}.Debug|x64.ActiveCfg = Debug|x64
		{A39C24F0-D348-4335-AB43-2BE7F86AA76A}.Debug|x64.Build.0 = Debug|x64
		{A39C24F0-D348-4335-AB43-2BE7F86AA76A}.Release|Any CPU.ActiveCfg = Release|Any CPU
		{A39C24F0-D348-4335-AB43-2BE7F86AA76A}.Release|Any CPU.Build.0 = Release|Any CPU
		{A39C24F0-D348-4335-AB43-2BE7F86AA76A}.Release|x64.ActiveCfg = Release|x64
		{A39C24F0-D348-4335-AB43-2BE7F86AA76A}.Release|x64.Build.0 = Release|x64
	EndGlobalSection
	GlobalSection(SolutionProperties) = preSolution
		HideSolutionNode = FALSE
	EndGlobalSection
	GlobalSection(ExtensibilityGlobals) = postSolution
		SolutionGuid = {CCF71E78-DB0D-4CE9-A86F-3163A43D97C8}
	EndGlobalSection
EndGlobal
